
Microsoft Visual Studio Solution File, Format Version 12.00
# Visual Studio Version 16
VisualStudioVersion = 16.0.30011.22
MinimumVisualStudioVersion = 10.0.40219.1
Project("{9A19103F-16F7-4668-BE54-9A1E7A4F7556}") = "ExpressionEvaluator", "ExpressionEvaluator\ExpressionEvaluator.csproj", "{3D0AD36A-1CF7-4195-B834-A16FCBA0CC9A}"
EndProject
Project("{9A19103F-16F7-4668-BE54-9A1E7A4F7556}") = "ExpressionEvaluator.Test", "ExpressionEvaluator.Test\ExpressionEvaluator.Test.csproj", "{0D918EA3-C099-479C-83D9-9159C619D632}"
	ProjectSection(ProjectDependencies) = postProject
		{3D0AD36A-1CF7-4195-B834-A16FCBA0CC9A} = {3D0AD36A-1CF7-4195-B834-A16FCBA0CC9A}
	EndProjectSection
EndProject
Global
	GlobalSection(SolutionConfigurationPlatforms) = preSolution
		Debug|Any CPU = Debug|Any CPU
		Release|Any CPU = Release|Any CPU
	EndGlobalSection
	GlobalSection(ProjectConfigurationPlatforms) = postSolution
		{3D0AD36A-1CF7-4195-B834-A16FCBA0CC9A}.Debug|Any CPU.ActiveCfg = Debug|Any CPU
		{3D0AD36A-1CF7-4195-B834-A16FCBA0CC9A}.Debug|Any CPU.Build.0 = Debug|Any CPU
		{3D0AD36A-1CF7-4195-B834-A16FCBA0CC9A}.Release|Any CPU.ActiveCfg = Release|Any CPU
		{3D0AD36A-1CF7-4195-B834-A16FCBA0CC9A}.Release|Any CPU.Build.0 = Release|Any CPU
		{0D918EA3-C099-479C-83D9-9159C619D632}.Debug|Any CPU.ActiveCfg = Debug|Any CPU
		{0D918EA3-C099-479C-83D9-9159C619D632}.Debug|Any CPU.Build.0 = Debug|Any CPU
		{0D918EA3-C099-479C-83D9-9159C619D632}.Release|Any CPU.ActiveCfg = Release|Any CPU
		{0D918EA3-C099-479C-83D9-9159C619D632}.Release|Any CPU.Build.0 = Release|Any CPU
	EndGlobalSection
	GlobalSection(SolutionProperties) = preSolution
		HideSolutionNode = FALSE
	EndGlobalSection
	GlobalSection(ExtensibilityGlobals) = postSolution
		SolutionGuid = {04ED83FF-7936-421B-8EA6-5B8CE0D962C4}
	EndGlobalSection
EndGlobal
